Microsoft Visual Studio Solution File, Format Version 12.00
# Visual Studio Version 17
VisualStudioVersion = 17.5.2.0
MinimumVisualStudioVersion = 10.0.40219.1
Project("{FAE04EC0-301F-11D3-BF4B-00C04F79EFBC}") = "SwAutomationAddin", "SwAutomationAddin.csproj", "{D1E4DF6F-56BD-4BCE-888A-9B9885FE34E3}"
EndProject
Global
	GlobalSection(SolutionConfigurationPlatforms) = preSolution
		Debug|Any CPU = Debug|Any CPU
		Release|Any CPU = Release|Any CPU
	EndGlobalSection
	GlobalSection(ProjectConfigurationPlatforms) = postSolution
		{D1E4DF6F-56BD-4BCE-888A-9B9885FE34E3}.Debug|Any CPU.ActiveCfg = Debug|Any CPU
		{D1E4DF6F-56BD-4BCE-888A-9B9885FE34E3}.Debug|Any CPU.Build.0 = Debug|Any CPU
		{D1E4DF6F-56BD-4BCE-888A-9B9885FE34E3}.Release|Any CPU.ActiveCfg = Release|Any CPU
		{D1E4DF6F-56BD-4BCE-888A-9B9885FE34E3}.Release|Any CPU.Build.0 = Release|Any CPU
	EndGlobalSection
	GlobalSection(SolutionProperties) = preSolution
		HideSolutionNode = FALSE
	EndGlobalSection
	GlobalSection(ExtensibilityGlobals) = postSolution
		SolutionGuid = {C94DE135-D26F-44C3-8D3F-0B800F104C07}
	EndGlobalSection
EndGlobal
